
Microsoft Visual Studio Solution File, Format Version 12.00
# Visual Studio Version 16
VisualStudioVersion = 16.0.808.7
MinimumVisualStudioVersion = 10.0.40219.1
Project("{FAE04EC0-301F-11D3-BF4B-00C04F79EFBC}") = "WaterProject", "WaterProject\WaterProject.csproj", "{1EE5490A-76F2-4FF1-A504-153C990951FC}"
EndProject
Global
	GlobalSection(SolutionConfigurationPlatforms) = preSolution
		Debug|Any CPU = Debug|Any CPU
		Release|Any CPU = Release|Any CPU
	EndGlobalSection
	GlobalSection(ProjectConfigurationPlatforms) = postSolution
		{1EE5490A-76F2-4FF1-A504-153C990951FC}.Debug|Any CPU.ActiveCfg = Debug|Any CPU
		{1EE5490A-76F2-4FF1-A504-153C990951FC}.Debug|Any CPU.Build.0 = Debug|Any CPU
		{1EE5490A-76F2-4FF1-A504-153C990951FC}.Release|Any CPU.ActiveCfg = Release|Any CPU
		{1EE5490A-76F2-4FF1-A504-153C990951FC}.Release|Any CPU.Build.0 = Release|Any CPU
	EndGlobalSection
	GlobalSection(SolutionProperties) = preSolution
		HideSolutionNode = FALSE
	EndGlobalSection
	GlobalSection(ExtensibilityGlobals) = postSolution
		SolutionGuid = {BC75372A-0C37-4035-9B5C-FCA25EAD69CD}
	EndGlobalSection
EndGlobal
